
Microsoft Visual Studio Solution File, Format Version 12.00
# Visual Studio Version 17
VisualStudioVersion = 17.8.34322.80
MinimumVisualStudioVersion = 10.0.40219.1
Project("{9A19103F-16F7-4668-BE54-9A1E7A4F7556}") = "Publish", "Publish.csproj", "{DB438DA4-5B27-4D66-815C-18A3991EAD03}"
EndProject
Global
	GlobalSection(SolutionConfigurationPlatforms) = preSolution
		Debug|Any CPU = Debug|Any CPU
		Release|Any CPU = Release|Any CPU
	EndGlobalSection
	GlobalSection(ProjectConfigurationPlatforms) = postSolution
		{DB438DA4-5B27-4D66-815C-18A3991EAD03}.Debug|Any CPU.ActiveCfg = Debug|Any CPU
		{DB438DA4-5B27-4D66-815C-18A3991EAD03}.Debug|Any CPU.Build.0 = Debug|Any CPU
		{DB438DA4-5B27-4D66-815C-18A3991EAD03}.Release|Any CPU.ActiveCfg = Release|Any CPU
		{DB438DA4-5B27-4D66-815C-18A3991EAD03}.Release|Any CPU.Build.0 = Release|Any CPU
	EndGlobalSection
	GlobalSection(SolutionProperties) = preSolution
		HideSolutionNode = FALSE
	EndGlobalSection
	GlobalSection(ExtensibilityGlobals) = postSolution
		SolutionGuid = {47D99AD6-FA29-443D-90D3-92A055B5ECB7}
	EndGlobalSection
EndGlobal
