
Microsoft Visual Studio Solution File, Format Version 12.00
# Visual Studio Version 17
VisualStudioVersion = 17.8.34322.80
MinimumVisualStudioVersion = 10.0.40219.1
Project("{9A19103F-16F7-4668-BE54-9A1E7A4F7556}") = "Send", "Send.csproj", "{A2949D9C-BCE4-4504-80B0-BA0374F80A79}"
EndProject
Global
	GlobalSection(SolutionConfigurationPlatforms) = preSolution
		Debug|Any CPU = Debug|Any CPU
		Release|Any CPU = Release|Any CPU
	EndGlobalSection
	GlobalSection(ProjectConfigurationPlatforms) = postSolution
		{A2949D9C-BCE4-4504-80B0-BA0374F80A79}.Debug|Any CPU.ActiveCfg = Debug|Any CPU
		{A2949D9C-BCE4-4504-80B0-BA0374F80A79}.Debug|Any CPU.Build.0 = Debug|Any CPU
		{A2949D9C-BCE4-4504-80B0-BA0374F80A79}.Release|Any CPU.ActiveCfg = Release|Any CPU
		{A2949D9C-BCE4-4504-80B0-BA0374F80A79}.Release|Any CPU.Build.0 = Release|Any CPU
	EndGlobalSection
	GlobalSection(SolutionProperties) = preSolution
		HideSolutionNode = FALSE
	EndGlobalSection
	GlobalSection(ExtensibilityGlobals) = postSolution
		SolutionGuid = {F8EEA198-E4B0-4A93-BE65-773FCD9DC987}
	EndGlobalSection
EndGlobal
